
Microsoft Visual Studio Solution File, Format Version 12.00
# Visual Studio Version 16
VisualStudioVersion = 16.0.31112.23
MinimumVisualStudioVersion = 10.0.40219.1
Project("{9A19103F-16F7-4668-BE54-9A1E7A4F7556}") = "FlowersHub", "FlowersHub.csproj", "{360A78E7-168B-4BED-988F-B948134A3732}"
EndProject
Project("{9A19103F-16F7-4668-BE54-9A1E7A4F7556}") = "FlowersHub.Data", "..\FlowersHub.Data\FlowersHub.Data.csproj", "{87E6527A-C600-402B-AC01-94D1EEBED818}"
EndProject
Project("{9A19103F-16F7-4668-BE54-9A1E7A4F7556}") = "FlowersHub.Model", "..\FlowersHub.Model\FlowersHub.Model.csproj", "{6F81B32D-64F5-4C0A-843D-1D24A52378E7}"
EndProject
Project("{9A19103F-16F7-4668-BE54-9A1E7A4F7556}") = "FlowersHub.Infrastructure", "..\FlowerHub.Infrustructure\FlowersHub.Infrastructure.csproj", "{D27EE83B-4555-4681-95CF-D477C90DD7D5}"
EndProject
Project("{9A19103F-16F7-4668-BE54-9A1E7A4F7556}") = "FlowersHub.Services", "..\FlowersHub.Services\FlowersHub.Services.csproj", "{76049E8A-0DEF-41CB-BB6B-AAE80CF19CED}"
EndProject
Project("{9A19103F-16F7-4668-BE54-9A1E7A4F7556}") = "FlowersHub.Interfaces", "..\FlowersHub.Interaces\FlowersHub.Interfaces.csproj", "{B63CB2CD-68C1-4A24-820F-BA650CFF7D2F}"
EndProject
Project("{FAE04EC0-301F-11D3-BF4B-00C04F79EFBC}") = "FlowersHub.ApiContracts", "..\FlowersHub.ApiContracts\FlowersHub.ApiContracts.csproj", "{C51944EE-3FF6-4EE1-B3B2-138BBF60E167}"
EndProject
Global
	GlobalSection(SolutionConfigurationPlatforms) = preSolution
		Debug|Any CPU = Debug|Any CPU
		Release|Any CPU = Release|Any CPU
	EndGlobalSection
	GlobalSection(ProjectConfigurationPlatforms) = postSolution
		{360A78E7-168B-4BED-988F-B948134A3732}.Debug|Any CPU.ActiveCfg = Debug|Any CPU
		{360A78E7-168B-4BED-988F-B948134A3732}.Debug|Any CPU.Build.0 = Debug|Any CPU
		{360A78E7-168B-4BED-988F-B948134A3732}.Release|Any CPU.ActiveCfg = Release|Any CPU
		{360A78E7-168B-4BED-988F-B948134A3732}.Release|Any CPU.Build.0 = Release|Any CPU
		{87E6527A-C600-402B-AC01-94D1EEBED818}.Debug|Any CPU.ActiveCfg = Debug|Any CPU
		{87E6527A-C600-402B-AC01-94D1EEBED818}.Debug|Any CPU.Build.0 = Debug|Any CPU
		{87E6527A-C600-402B-AC01-94D1EEBED818}.Release|Any CPU.ActiveCfg = Release|Any CPU
		{87E6527A-C600-402B-AC01-94D1EEBED818}.Release|Any CPU.Build.0 = Release|Any CPU
		{6F81B32D-64F5-4C0A-843D-1D24A52378E7}.Debug|Any CPU.ActiveCfg = Debug|Any CPU
		{6F81B32D-64F5-4C0A-843D-1D24A52378E7}.Debug|Any CPU.Build.0 = Debug|Any CPU
		{6F81B32D-64F5-4C0A-843D-1D24A52378E7}.Release|Any CPU.ActiveCfg = Release|Any CPU
		{6F81B32D-64F5-4C0A-843D-1D24A52378E7}.Release|Any CPU.Build.0 = Release|Any CPU
		{D27EE83B-4555-4681-95CF-D477C90DD7D5}.Debug|Any CPU.ActiveCfg = Debug|Any CPU
		{D27EE83B-4555-4681-95CF-D477C90DD7D5}.Debug|Any CPU.Build.0 = Debug|Any CPU
		{D27EE83B-4555-4681-95CF-D477C90DD7D5}.Release|Any CPU.ActiveCfg = Release|Any CPU
		{D27EE83B-4555-4681-95CF-D477C90DD7D5}.Release|Any CPU.Build.0 = Release|Any CPU
		{76049E8A-0DEF-41CB-BB6B-AAE80CF19CED}.Debug|Any CPU.ActiveCfg = Debug|Any CPU
		{76049E8A-0DEF-41CB-BB6B-AAE80CF19CED}.Debug|Any CPU.Build.0 = Debug|Any CPU
		{76049E8A-0DEF-41CB-BB6B-AAE80CF19CED}.Release|Any CPU.ActiveCfg = Release|Any CPU
		{76049E8A-0DEF-41CB-BB6B-AAE80CF19CED}.Release|Any CPU.Build.0 = Release|Any CPU
		{B63CB2CD-68C1-4A24-820F-BA650CFF7D2F}.Debug|Any CPU.ActiveCfg = Debug|Any CPU
		{B63CB2CD-68C1-4A24-820F-BA650CFF7D2F}.Debug|Any CPU.Build.0 = Debug|Any CPU
		{B63CB2CD-68C1-4A24-820F-BA650CFF7D2F}.Release|Any CPU.ActiveCfg = Release|Any CPU
		{B63CB2CD-68C1-4A24-820F-BA650CFF7D2F}.Release|Any CPU.Build.0 = Release|Any CPU
		{C51944EE-3FF6-4EE1-B3B2-138BBF60E167}.Debug|Any CPU.ActiveCfg = Debug|Any CPU
		{C51944EE-3FF6-4EE1-B3B2-138BBF60E167}.Debug|Any CPU.Build.0 = Debug|Any CPU
		{C51944EE-3FF6-4EE1-B3B2-138BBF60E167}.Release|Any CPU.ActiveCfg = Release|Any CPU
		{C51944EE-3FF6-4EE1-B3B2-138BBF60E167}.Release|Any CPU.Build.0 = Release|Any CPU
	EndGlobalSection
	GlobalSection(SolutionProperties) = preSolution
		HideSolutionNode = FALSE
	EndGlobalSection
	GlobalSection(ExtensibilityGlobals) = postSolution
		SolutionGuid = {EDF817BA-DF8B-43CE-B93D-0EF7F6ACAA85}
	EndGlobalSection
EndGlobal
